
Microsoft Visual Studio Solution File, Format Version 12.00
# Visual Studio 14
VisualStudioVersion = 14.0.25123.0
MinimumVisualStudioVersion = 10.0.40219.1
Project("{FAE04EC0-301F-11D3-BF4B-00C04F79EFBC}") = "SwiftBookingTest.Core", "SwiftBookingTest.Core\SwiftBookingTest.Core.csproj", "{CBD923D6-BA1E-4B40-8CB5-1BBB38C75954}"
EndProject
Project("{FAE04EC0-301F-11D3-BF4B-00C04F79EFBC}") = "SwiftBookingTest.CoreContracts", "SwiftBookingTest.CoreContracts\SwiftBookingTest.CoreContracts.csproj", "{B11A27D1-B126-4479-8542-34A4D2C7B5F9}"
EndProject
Project("{FAE04EC0-301F-11D3-BF4B-00C04F79EFBC}") = "SwiftBookingTest.Model", "SwiftBookingTest.Model\SwiftBookingTest.Model.csproj", "{D683A080-EF36-4D1D-BC7D-003FBE128B2F}"
EndProject
Project("{FAE04EC0-301F-11D3-BF4B-00C04F79EFBC}") = "SwiftBookingTest.Web", "SwiftBookingTest.Web\SwiftBookingTest.Web.csproj", "{3BAD3AD8-790D-40D3-803E-FEA90A76418D}"
EndProject
Project("{2150E333-8FDC-42A3-9474-1A3956D46DE8}") = "Test", "Test", "{C07B955A-4256-4D27-BA24-402F348A1E37}"
EndProject
Project("{FAE04EC0-301F-11D3-BF4B-00C04F79EFBC}") = "SwiftBookingTest.Test", "SwiftBookingTest.Test\SwiftBookingTest.Test.csproj", "{BCD11610-EF36-4361-87D4-7FE2814102D3}"
EndProject
Project("{FAE04EC0-301F-11D3-BF4B-00C04F79EFBC}") = "SwiftBookingConsole", "SwiftBookingConsole\SwiftBookingConsole.csproj", "{6571E520-E0BC-4761-8A19-DC27C49C4BF2}"
EndProject
Global
	GlobalSection(SolutionConfigurationPlatforms) = preSolution
		Debug|Any CPU = Debug|Any CPU
		Release|Any CPU = Release|Any CPU
	EndGlobalSection
	GlobalSection(ProjectConfigurationPlatforms) = postSolution
		{CBD923D6-BA1E-4B40-8CB5-1BBB38C75954}.Debug|Any CPU.ActiveCfg = Debug|Any CPU
		{CBD923D6-BA1E-4B40-8CB5-1BBB38C75954}.Debug|Any CPU.Build.0 = Debug|Any CPU
		{CBD923D6-BA1E-4B40-8CB5-1BBB38C75954}.Release|Any CPU.ActiveCfg = Release|Any CPU
		{CBD923D6-BA1E-4B40-8CB5-1BBB38C75954}.Release|Any CPU.Build.0 = Release|Any CPU
		{B11A27D1-B126-4479-8542-34A4D2C7B5F9}.Debug|Any CPU.ActiveCfg = Debug|Any CPU
		{B11A27D1-B126-4479-8542-34A4D2C7B5F9}.Debug|Any CPU.Build.0 = Debug|Any CPU
		{B11A27D1-B126-4479-8542-34A4D2C7B5F9}.Release|Any CPU.ActiveCfg = Release|Any CPU
		{B11A27D1-B126-4479-8542-34A4D2C7B5F9}.Release|Any CPU.Build.0 = Release|Any CPU
		{D683A080-EF36-4D1D-BC7D-003FBE128B2F}.Debug|Any CPU.ActiveCfg = Debug|Any CPU
		{D683A080-EF36-4D1D-BC7D-003FBE128B2F}.Debug|Any CPU.Build.0 = Debug|Any CPU
		{D683A080-EF36-4D1D-BC7D-003FBE128B2F}.Release|Any CPU.ActiveCfg = Release|Any CPU
		{D683A080-EF36-4D1D-BC7D-003FBE128B2F}.Release|Any CPU.Build.0 = Release|Any CPU
		{3BAD3AD8-790D-40D3-803E-FEA90A76418D}.Debug|Any CPU.ActiveCfg = Debug|Any CPU
		{3BAD3AD8-790D-40D3-803E-FEA90A76418D}.Debug|Any CPU.Build.0 = Debug|Any CPU
		{3BAD3AD8-790D-40D3-803E-FEA90A76418D}.Release|Any CPU.ActiveCfg = Release|Any CPU
		{3BAD3AD8-790D-40D3-803E-FEA90A76418D}.Release|Any CPU.Build.0 = Release|Any CPU
		{BCD11610-EF36-4361-87D4-7FE2814102D3}.Debug|Any CPU.ActiveCfg = Debug|Any CPU
		{BCD11610-EF36-4361-87D4-7FE2814102D3}.Debug|Any CPU.Build.0 = Debug|Any CPU
		{BCD11610-EF36-4361-87D4-7FE2814102D3}.Release|Any CPU.ActiveCfg = Release|Any CPU
		{BCD11610-EF36-4361-87D4-7FE2814102D3}.Release|Any CPU.Build.0 = Release|Any CPU
		{6571E520-E0BC-4761-8A19-DC27C49C4BF2}.Debug|Any CPU.ActiveCfg = Debug|Any CPU
		{6571E520-E0BC-4761-8A19-DC27C49C4BF2}.Debug|Any CPU.Build.0 = Debug|Any CPU
		{6571E520-E0BC-4761-8A19-DC27C49C4BF2}.Release|Any CPU.ActiveCfg = Release|Any CPU
		{6571E520-E0BC-4761-8A19-DC27C49C4BF2}.Release|Any CPU.Build.0 = Release|Any CPU
	EndGlobalSection
	GlobalSection(SolutionProperties) = preSolution
		HideSolutionNode = FALSE
	EndGlobalSection
	GlobalSection(NestedProjects) = preSolution
		{BCD11610-EF36-4361-87D4-7FE2814102D3} = {C07B955A-4256-4D27-BA24-402F348A1E37}
	EndGlobalSection
EndGlobal
